{
  "name": "playcanvas-typescript",
  "version": "1.0.0",
  "lockfileVersion": 1,
  "requires": true,
  "dependencies": {
    "playcanvas": {
      "version": "1.27.4",
      "resolved": "https://registry.npmjs.org/playcanvas/-/playcanvas-1.27.4.tgz",
      "integrity": "sha512-3kL2rMsO7zQzsi2v1vUahhW5yIgvCjqUmH0OETbrGgrSdTfrSSEtw/SudTYy2Qjeel0KG8R7rSiSaOQLFOzB3g=="
    },
    "typescript": {
      "version": "3.9.3",
      "resolved": "https://registry.npmjs.org/typescript/-/typescript-3.9.3.tgz",
      "integrity": "sha512-D/wqnB2xzNFIcoBG9FG8cXRDjiqSTbG2wd8DMZeQyJlP1vfTkIxH4GKveWaEBYySKIg+USu+E+EDIR47SqnaMQ==",
      "dev": true
    }
  }
}
